<?xml version="1.0" encoding="utf-8"?>
<Project ToolsVersion="12.0" xmlns="http://schemas.microsoft.com/developer/msbuild/2003">
  <ItemGroup>
    <CudaCompile Include="common.cu" />
    <CudaCompile Include="Lennard_Jones_force\Lennard_Jones_force.cu">
      <Filter>Lennard_Jones_force</Filter>
    </CudaCompile>
    <CudaCompile Include="MC_barostat\MC_barostat.cu">
      <Filter>MC_barostat</Filter>
    </CudaCompile>
    <CudaCompile Include="MD_core\MD_core.cu">
      <Filter>MD_core</Filter>
    </CudaCompile>
    <CudaCompile Include="neighbor_list\neighbor_list.cu">
      <Filter>neighbor_list</Filter>
    </CudaCompile>
    <CudaCompile Include="restrain\restrain.cu">
      <Filter>restrain</Filter>
    </CudaCompile>
    <CudaCompile Include="control.cu" />
    <CudaCompile Include="nb14\nb14.cu">
      <Filter>nb14</Filter>
    </CudaCompile>
    <CudaCompile Include="dihedral\dihedral.cu">
      <Filter>dihedral</Filter>
    </CudaCompile>
    <CudaCompile Include="bond\bond.cu">
      <Filter>bond</Filter>
    </CudaCompile>
    <CudaCompile Include="angle\angle.cu">
      <Filter>angle</Filter>
    </CudaCompile>
    <CudaCompile Include="PME_force\PME_force.cu">
      <Filter>pme</Filter>
    </CudaCompile>
    <CudaCompile Include="simple_constrain\simple_constrain.cu">
      <Filter>simple_constrain</Filter>
    </CudaCompile>
    <CudaCompile Include="Langevin_MD\Langevin_MD.cu">
      <Filter>Langevin_MD</Filter>
    </CudaCompile>
    <CudaCompile Include="Langevin_MD\LiuJian_MD.cu">
      <Filter>Langevin_MD</Filter>
    </CudaCompile>
    <CudaCompile Include="main.cu" />
    <CudaCompile Include="Berendsen_barostat\Berendsen_barostat.cu">
      <Filter>Berendsen_barostat</Filter>
    </CudaCompile>
    <CudaCompile Include="virtual_atoms\virtual_atoms.cu">
      <Filter>virtual_atoms</Filter>
    </CudaCompile>
    <CudaCompile Include="crd_molecular_map\crd_molecular_map.cu">
      <Filter>crd_molecular_map</Filter>
    </CudaCompile>
  </ItemGroup>
  <ItemGroup>
    <ClInclude Include="common.cuh" />
    <ClInclude Include="Lennard_Jones_force\Lennard_Jones_force.cuh">
      <Filter>Lennard_Jones_force</Filter>
    </ClInclude>
    <ClInclude Include="MC_barostat\MC_barostat.cuh">
      <Filter>MC_barostat</Filter>
    </ClInclude>
    <ClInclude Include="MD_core\MD_core.cuh">
      <Filter>MD_core</Filter>
    </ClInclude>
    <ClInclude Include="neighbor_list\neighbor_list.cuh">
      <Filter>neighbor_list</Filter>
    </ClInclude>
    <ClInclude Include="restrain\restrain.cuh">
      <Filter>restrain</Filter>
    </ClInclude>
    <ClInclude Include="control.cuh" />
    <ClInclude Include="nb14\nb14.cuh">
      <Filter>nb14</Filter>
    </ClInclude>
    <ClInclude Include="dihedral\dihedral.cuh">
      <Filter>dihedral</Filter>
    </ClInclude>
    <ClInclude Include="bond\bond.cuh">
      <Filter>bond</Filter>
    </ClInclude>
    <ClInclude Include="angle\angle.cuh">
      <Filter>angle</Filter>
    </ClInclude>
    <ClInclude Include="PME_force\PME_force.cuh">
      <Filter>pme</Filter>
    </ClInclude>
    <ClInclude Include="simple_constrain\simple_constrain.cuh">
      <Filter>simple_constrain</Filter>
    </ClInclude>
    <ClInclude Include="Langevin_MD\Langevin_MD.cuh">
      <Filter>Langevin_MD</Filter>
    </ClInclude>
    <ClInclude Include="Langevin_MD\LiuJian_MD.cuh">
      <Filter>Langevin_MD</Filter>
    </ClInclude>
    <ClInclude Include="main.cuh" />
    <ClInclude Include="Berendsen_barostat\Berendsen_barostat.cuh">
      <Filter>Berendsen_barostat</Filter>
    </ClInclude>
    <ClInclude Include="virtual_atoms\virtual_atoms.cuh">
      <Filter>virtual_atoms</Filter>
    </ClInclude>
    <ClInclude Include="crd_molecular_map\crd_molecular_map.cuh">
      <Filter>crd_molecular_map</Filter>
    </ClInclude>
  </ItemGroup>
  <ItemGroup>
    <Filter Include="Lennard_Jones_force">
      <UniqueIdentifier>{218a290f-7c0d-4283-a981-0f19e3f96046}</UniqueIdentifier>
    </Filter>
    <Filter Include="MC_barostat">
      <UniqueIdentifier>{2144ba4d-b8c4-4433-aa41-c0844c69ca3a}</UniqueIdentifier>
    </Filter>
    <Filter Include="MD_core">
      <UniqueIdentifier>{8fd04db8-9a33-4b7a-9c89-148abc87d66c}</UniqueIdentifier>
    </Filter>
    <Filter Include="neighbor_list">
      <UniqueIdentifier>{73c925ff-dc62-4c8d-a32b-c58c4d8f6623}</UniqueIdentifier>
    </Filter>
    <Filter Include="restrain">
      <UniqueIdentifier>{b5fef5db-353a-4c3c-b968-3ef3aff3557f}</UniqueIdentifier>
    </Filter>
    <Filter Include="nb14">
      <UniqueIdentifier>{cf956b22-e7ac-418e-bdc5-b29e3ba984df}</UniqueIdentifier>
    </Filter>
    <Filter Include="angle">
      <UniqueIdentifier>{158a7c89-845d-4690-acc3-f6127560ca44}</UniqueIdentifier>
    </Filter>
    <Filter Include="bond">
      <UniqueIdentifier>{ce9dbfd5-b2e0-4919-aa47-a08cc157ba6a}</UniqueIdentifier>
    </Filter>
    <Filter Include="dihedral">
      <UniqueIdentifier>{8762e44d-616c-492a-b2c7-37495f481e90}</UniqueIdentifier>
    </Filter>
    <Filter Include="pme">
      <UniqueIdentifier>{ea2a1178-583d-48eb-b41e-4a3ac7a736cb}</UniqueIdentifier>
    </Filter>
    <Filter Include="simple_constrain">
      <UniqueIdentifier>{1ae709b9-68f9-4883-8005-5289c244e6a1}</UniqueIdentifier>
    </Filter>
    <Filter Include="Langevin_MD">
      <UniqueIdentifier>{e9ffbff8-e5b1-4b83-8f72-f711dbc2b1b0}</UniqueIdentifier>
    </Filter>
    <Filter Include="Berendsen_barostat">
      <UniqueIdentifier>{38244b30-8bf1-4121-9fc7-178e90ec614e}</UniqueIdentifier>
    </Filter>
    <Filter Include="virtual_atoms">
      <UniqueIdentifier>{807578b9-8d50-4460-922d-f63ed2217312}</UniqueIdentifier>
    </Filter>
    <Filter Include="crd_molecular_map">
      <UniqueIdentifier>{a1567451-18ea-4d8d-8202-00efeb2ccda3}</UniqueIdentifier>
    </Filter>
  </ItemGroup>
</Project>